// !$*UTF8*$!
{
	archiveVersion = 1;
	classes = {
	};
	objectVersion = 46;
	objects = {

/* Begin PBXBuildFile section */
		B35210141E1AF5DA005EA2EF /* Codice.framework in Frameworks */ = {isa = PBXBuildFile; fileRef = B352100A1E1AF5DA005EA2EF /* Codice.framework */; };
		B352101B1E1AF5DA005EA2EF /* Codice.h in Headers */ = {isa = PBXBuildFile; fileRef = B352100D1E1AF5DA005EA2EF /* Codice.h */; settings = {ATTRIBUTES = (Public, ); }; };
		B35210291E1C05A4005EA2EF /* Codice.swift in Sources */ = {isa = PBXBuildFile; fileRef = B35210281E1C05A4005EA2EF /* Codice.swift */; };
/* End PBXBuildFile section */

/* Begin PBXContainerItemProxy section */
		B35210151E1AF5DA005EA2EF /* PBXContainerItemProxy */ = {
			isa = PBXContainerItemProxy;
			containerPortal = B35210011E1AF5DA005EA2EF /* Project object */;
			proxyType = 1;
			remoteGlobalIDString = B35210091E1AF5DA005EA2EF;
			remoteInfo = Codice;
		};
/* End PBXContainerItemProxy section */

/* Begin PBXFileReference section */
		B352100A1E1AF5DA005EA2EF /* Codice.framework */ = {isa = PBXFileReference; explicitFileType = wrapper.framework; includeInIndex = 0; path = Codice.framework; sourceTree = BUILT_PRODUCTS_DIR; };
		B352100D1E1AF5DA005EA2EF /* Codice.h */ = {isa = PBXFileReference; lastKnownFileType = sourcecode.c.h; path = Codice.h; sourceTree = "<group>"; };
		B352100E1E1AF5DA005EA2EF /* Info.plist */ = {isa = PBXFileReference; lastKnownFileType = text.plist.xml; path = Info.plist; sourceTree = "<group>"; };
		B35210131E1AF5DA005EA2EF /* CodiceTests.xctest */ = {isa = PBXFileReference; explicitFileType = wrapper.cfbundle; includeInIndex = 0; path = CodiceTests.xctest; sourceTree = BUILT_PRODUCTS_DIR; };
		B352101A1E1AF5DA005EA2EF /* Info.plist */ = {isa = PBXFileReference; lastKnownFileType = text.plist.xml; path = Info.plist; sourceTree = "<group>"; };
		B35210281E1C05A4005EA2EF /* Codice.swift */ = {isa = PBXFileReference; fileEncoding = 4; lastKnownFileType = sourcecode.swift; path = Codice.swift; sourceTree = "<group>"; };
/* End PBXFileReference section */

/* Begin PBXFrameworksBuildPhase section */
		B35210061E1AF5DA005EA2EF /* Frameworks */ = {
			isa = PBXFrameworksBuildPhase;
			buildActionMask = 2147483647;
			files = (
			);
			runOnlyForDeploymentPostprocessing = 0;
		};
		B35210101E1AF5DA005EA2EF /* Frameworks */ = {
			isa = PBXFrameworksBuildPhase;
			buildActionMask = 2147483647;
			files = (
				B35210141E1AF5DA005EA2EF /* Codice.framework in Frameworks */,
			);
			runOnlyForDeploymentPostprocessing = 0;
		};
/* End PBXFrameworksBuildPhase section */

/* Begin PBXGroup section */
		B35210001E1AF5DA005EA2EF = {
			isa = PBXGroup;
			children = (
				B352100B1E1AF5DA005EA2EF /* Products */,
				B352100C1E1AF5DA005EA2EF /* Sources */,
				B35210171E1AF5DA005EA2EF /* Tests */,
			);
			sourceTree = "<group>";
		};
		B352100B1E1AF5DA005EA2EF /* Products */ = {
			isa = PBXGroup;
			children = (
				B352100A1E1AF5DA005EA2EF /* Codice.framework */,
				B35210131E1AF5DA005EA2EF /* CodiceTests.xctest */,
			);
			name = Products;
			sourceTree = "<group>";
		};
		B352100C1E1AF5DA005EA2EF /* Sources */ = {
			isa = PBXGroup;
			children = (
				B352100D1E1AF5DA005EA2EF /* Codice.h */,
				B352100E1E1AF5DA005EA2EF /* Info.plist */,
				B35210281E1C05A4005EA2EF /* Codice.swift */,
			);
			path = Sources;
			sourceTree = "<group>";
		};
		B35210171E1AF5DA005EA2EF /* Tests */ = {
			isa = PBXGroup;
			children = (
				B352101A1E1AF5DA005EA2EF /* Info.plist */,
			);
			path = Tests;
			sourceTree = "<group>";
		};
/* End PBXGroup section */

/* Begin PBXHeadersBuildPhase section */
		B35210071E1AF5DA005EA2EF /* Headers */ = {
			isa = PBXHeadersBuildPhase;
			buildActionMask = 2147483647;
			files = (
				B352101B1E1AF5DA005EA2EF /* Codice.h in Headers */,
			);
			runOnlyForDeploymentPostprocessing = 0;
		};
/* End PBXHeadersBuildPhase section */

/* Begin PBXNativeTarget section */
		B35210091E1AF5DA005EA2EF /* Codice */ = {
			isa = PBXNativeTarget;
			buildConfigurationList = B352101E1E1AF5DA005EA2EF /* Build configuration list for PBXNativeTarget "Codice" */;
			buildPhases = (
				B35210051E1AF5DA005EA2EF /* Sources */,
				B35210061E1AF5DA005EA2EF /* Frameworks */,
				B35210071E1AF5DA005EA2EF /* Headers */,
				B35210081E1AF5DA005EA2EF /* Resources */,
			);
			buildRules = (
			);
			dependencies = (
			);
			name = Codice;
			productName = Codice;
			productReference = B352100A1E1AF5DA005EA2EF /* Codice.framework */;
			productType = "com.apple.product-type.framework";
		};
		B35210121E1AF5DA005EA2EF /* CodiceTests */ = {
			isa = PBXNativeTarget;
			buildConfigurationList = B35210211E1AF5DA005EA2EF /* Build configuration list for PBXNativeTarget "CodiceTests" */;
			buildPhases = (
				B352100F1E1AF5DA005EA2EF /* Sources */,
				B35210101E1AF5DA005EA2EF /* Frameworks */,
				B35210111E1AF5DA005EA2EF /* Resources */,
			);
			buildRules = (
			);
			dependencies = (
				B35210161E1AF5DA005EA2EF /* PBXTargetDependency */,
			);
			name = CodiceTests;
			productName = CodiceTests;
			productReference = B35210131E1AF5DA005EA2EF /* CodiceTests.xctest */;
			productType = "com.apple.product-type.bundle.unit-test";
		};
/* End PBXNativeTarget section */

/* Begin PBXProject section */
		B35210011E1AF5DA005EA2EF /* Project object */ = {
			isa = PBXProject;
			attributes = {
				LastSwiftUpdateCheck = 0820;
				LastUpgradeCheck = 0820;
				ORGANIZATIONNAME = "Fellipe Caetano";
				TargetAttributes = {
					B35210091E1AF5DA005EA2EF = {
						CreatedOnToolsVersion = 8.2.1;
						DevelopmentTeam = 8Q86GGRUX8;
						LastSwiftMigration = 0820;
						ProvisioningStyle = Automatic;
					};
					B35210121E1AF5DA005EA2EF = {
						CreatedOnToolsVersion = 8.2.1;
						DevelopmentTeam = 8Q86GGRUX8;
						ProvisioningStyle = Automatic;
					};
				};
			};
			buildConfigurationList = B35210041E1AF5DA005EA2EF /* Build configuration list for PBXProject "Codice" */;
			compatibilityVersion = "Xcode 3.2";
			developmentRegion = English;
			hasScannedForEncodings = 0;
			knownRegions = (
				en,
			);
			mainGroup = B35210001E1AF5DA005EA2EF;
			productRefGroup = B352100B1E1AF5DA005EA2EF /* Products */;
			projectDirPath = "";
			projectRoot = "";
			targets = (
				B35210091E1AF5DA005EA2EF /* Codice */,
				B35210121E1AF5DA005EA2EF /* CodiceTests */,
			);
		};
/* End PBXProject section */

/* Begin PBXResourcesBuildPhase section */
		B35210081E1AF5DA005EA2EF /* Resources */ = {
			isa = PBXResourcesBuildPhase;
			buildActionMask = 2147483647;
			files = (
			);
			runOnlyForDeploymentPostprocessing = 0;
		};
		B35210111E1AF5DA005EA2EF /* Resources */ = {
			isa = PBXResourcesBuildPhase;
			buildActionMask = 2147483647;
			files = (
			);
			runOnlyForDeploymentPostprocessing = 0;
		};
/* End PBXResourcesBuildPhase section */

/* Begin PBXSourcesBuildPhase section */
		B35210051E1AF5DA005EA2EF /* Sources */ = {
			isa = PBXSourcesBuildPhase;
			buildActionMask = 2147483647;
			files = (
				B35210291E1C05A4005EA2EF /* Codice.swift in Sources */,
			);
			runOnlyForDeploymentPostprocessing = 0;
		};
		B352100F1E1AF5DA005EA2EF /* Sources */ = {
			isa = PBXSourcesBuildPhase;
			buildActionMask = 2147483647;
			files = (
			);
			runOnlyForDeploymentPostprocessing = 0;
		};
/* End PBXSourcesBuildPhase section */

/* Begin PBXTargetDependency section */
		B35210161E1AF5DA005EA2EF /* PBXTargetDependency */ = {
			isa = PBXTargetDependency;
			target = B35210091E1AF5DA005EA2EF /* Codice */;
			targetProxy = B35210151E1AF5DA005EA2EF /* PBXContainerItemProxy */;
		};
/* End PBXTargetDependency section */

/* Begin XCBuildConfiguration section */
		B352101C1E1AF5DA005EA2EF /* Debug */ = {
			isa = XCBuildConfiguration;
			buildSettings = {
				ALWAYS_SEARCH_USER_PATHS = NO;
				CLANG_ANALYZER_NONNULL = YES;
				CLANG_CXX_LANGUAGE_STANDARD = "gnu++0x";
				CLANG_CXX_LIBRARY = "libc++";
				CLANG_ENABLE_MODULES = YES;
				CLANG_ENABLE_OBJC_ARC = YES;
				CLANG_WARN_BOOL_CONVERSION = YES;
				CLANG_WARN_CONSTANT_CONVERSION = YES;
				CLANG_WARN_DIRECT_OBJC_ISA_USAGE = YES_ERROR;
				CLANG_WARN_DOCUMENTATION_COMMENTS = YES;
				CLANG_WARN_EMPTY_BODY = YES;
				CLANG_WARN_ENUM_CONVERSION = YES;
				CLANG_WARN_INFINITE_RECURSION = YES;
				CLANG_WARN_INT_CONVERSION = YES;
				CLANG_WARN_OBJC_ROOT_CLASS = YES_ERROR;
				CLANG_WARN_SUSPICIOUS_MOVE = YES;
				CLANG_WARN_UNREACHABLE_CODE = YES;
				CLANG_WARN__DUPLICATE_METHOD_MATCH = YES;
				CODE_SIGN_IDENTITY = "-";
				COPY_PHASE_STRIP = NO;
				CURRENT_PROJECT_VERSION = 1;
				DEBUG_INFORMATION_FORMAT = dwarf;
				ENABLE_STRICT_OBJC_MSGSEND = YES;
				ENABLE_TESTABILITY = YES;
				GCC_C_LANGUAGE_STANDARD = gnu99;
				GCC_DYNAMIC_NO_PIC = NO;
				GCC_NO_COMMON_BLOCKS = YES;
				GCC_OPTIMIZATION_LEVEL = 0;
				GCC_PREPROCESSOR_DEFINITIONS = (
					"DEBUG=1",
					"$(inherited)",
				);
				GCC_WARN_64_TO_32_BIT_CONVERSION = YES;
				GCC_WARN_ABOUT_RETURN_TYPE = YES_ERROR;
				GCC_WARN_UNDECLARED_SELECTOR = YES;
				GCC_WARN_UNINITIALIZED_AUTOS = YES_AGGRESSIVE;
				GCC_WARN_UNUSED_FUNCTION = YES;
				GCC_WARN_UNUSED_VARIABLE = YES;
				MACOSX_DEPLOYMENT_TARGET = 10.12;
				MTL_ENABLE_DEBUG_INFO = YES;
				ONLY_ACTIVE_ARCH = YES;
				SDKROOT = macosx;
				SWIFT_ACTIVE_COMPILATION_CONDITIONS = DEBUG;
				SWIFT_OPTIMIZATION_LEVEL = "-Onone";
				VERSIONING_SYSTEM = "apple-generic";
				VERSION_INFO_PREFIX = "";
			};
			name = Debug;
		};
		B352101D1E1AF5DA005EA2EF /* Release */ = {
			isa = XCBuildConfiguration;
			buildSettings = {
				ALWAYS_SEARCH_USER_PATHS = NO;
				CLANG_ANALYZER_NONNULL = YES;
				CLANG_CXX_LANGUAGE_STANDARD = "gnu++0x";
				CLANG_CXX_LIBRARY = "libc++";
				CLANG_ENABLE_MODULES = YES;
				CLANG_ENABLE_OBJC_ARC = YES;
				CLANG_WARN_BOOL_CONVERSION = YES;
				CLANG_WARN_CONSTANT_CONVERSION = YES;
				CLANG_WARN_DIRECT_OBJC_ISA_USAGE = YES_ERROR;
				CLANG_WARN_DOCUMENTATION_COMMENTS = YES;
				CLANG_WARN_EMPTY_BODY = YES;
				CLANG_WARN_ENUM_CONVERSION = YES;
				CLANG_WARN_INFINITE_RECURSION = YES;
				CLANG_WARN_INT_CONVERSION = YES;
				CLANG_WARN_OBJC_ROOT_CLASS = YES_ERROR;
				CLANG_WARN_SUSPICIOUS_MOVE = YES;
				CLANG_WARN_UNREACHABLE_CODE = YES;
				CLANG_WARN__DUPLICATE_METHOD_MATCH = YES;
				CODE_SIGN_IDENTITY = "-";
				COPY_PHASE_STRIP = NO;
				CURRENT_PROJECT_VERSION = 1;
				DEBUG_INFORMATION_FORMAT = "dwarf-with-dsym";
				ENABLE_NS_ASSERTIONS = NO;
				ENABLE_STRICT_OBJC_MSGSEND = YES;
				GCC_C_LANGUAGE_STANDARD = gnu99;
				GCC_NO_COMMON_BLOCKS = YES;
				GCC_WARN_64_TO_32_BIT_CONVERSION = YES;
				GCC_WARN_ABOUT_RETURN_TYPE = YES_ERROR;
				GCC_WARN_UNDECLARED_SELECTOR = YES;
				GCC_WARN_UNINITIALIZED_AUTOS = YES_AGGRESSIVE;
				GCC_WARN_UNUSED_FUNCTION = YES;
				GCC_WARN_UNUSED_VARIABLE = YES;
				MACOSX_DEPLOYMENT_TARGET = 10.12;
				MTL_ENABLE_DEBUG_INFO = NO;
				SDKROOT = macosx;
				SWIFT_OPTIMIZATION_LEVEL = "-Owholemodule";
				VERSIONING_SYSTEM = "apple-generic";
				VERSION_INFO_PREFIX = "";
			};
			name = Release;
		};
		B352101F1E1AF5DA005EA2EF /* Debug */ = {
			isa = XCBuildConfiguration;
			buildSettings = {
				CLANG_ENABLE_MODULES = YES;
				CODE_SIGN_IDENTITY = "";
				COMBINE_HIDPI_IMAGES = YES;
				DEFINES_MODULE = YES;
				DEVELOPMENT_TEAM = 8Q86GGRUX8;
				DYLIB_COMPATIBILITY_VERSION = 1;
				DYLIB_CURRENT_VERSION = 1;
				DYLIB_INSTALL_NAME_BASE = "@rpath";
				FRAMEWORK_VERSION = A;
				INFOPLIST_FILE = Sources/Info.plist;
				INSTALL_PATH = "$(LOCAL_LIBRARY_DIR)/Frameworks";
				LD_RUNPATH_SEARCH_PATHS = "$(inherited) @executable_path/../Frameworks @loader_path/Frameworks";
				PRODUCT_BUNDLE_IDENTIFIER = br.com.fellipecaetano.Codice;
				PRODUCT_NAME = "$(TARGET_NAME)";
				SKIP_INSTALL = YES;
				SWIFT_OPTIMIZATION_LEVEL = "-Onone";
				SWIFT_VERSION = 3.0;
			};
			name = Debug;
		};
		B35210201E1AF5DA005EA2EF /* Release */ = {
			isa = XCBuildConfiguration;
			buildSettings = {
				CLANG_ENABLE_MODULES = YES;
				CODE_SIGN_IDENTITY = "";
				COMBINE_HIDPI_IMAGES = YES;
				DEFINES_MODULE = YES;
				DEVELOPMENT_TEAM = 8Q86GGRUX8;
				DYLIB_COMPATIBILITY_VERSION = 1;
				DYLIB_CURRENT_VERSION = 1;
				DYLIB_INSTALL_NAME_BASE = "@rpath";
				FRAMEWORK_VERSION = A;
				INFOPLIST_FILE = Sources/Info.plist;
				INSTALL_PATH = "$(LOCAL_LIBRARY_DIR)/Frameworks";
				LD_RUNPATH_SEARCH_PATHS = "$(inherited) @executable_path/../Frameworks @loader_path/Frameworks";
				PRODUCT_BUNDLE_IDENTIFIER = br.com.fellipecaetano.Codice;
				PRODUCT_NAME = "$(TARGET_NAME)";
				SKIP_INSTALL = YES;
				SWIFT_VERSION = 3.0;
			};
			name = Release;
		};
		B35210221E1AF5DA005EA2EF /* Debug */ = {
			isa = XCBuildConfiguration;
			buildSettings = {
				ALWAYS_EMBED_SWIFT_STANDARD_LIBRARIES = YES;
				COMBINE_HIDPI_IMAGES = YES;
				DEVELOPMENT_TEAM = 8Q86GGRUX8;
				INFOPLIST_FILE = Tests/Info.plist;
				LD_RUNPATH_SEARCH_PATHS = "$(inherited) @executable_path/../Frameworks @loader_path/../Frameworks";
				PRODUCT_BUNDLE_IDENTIFIER = br.com.fellipecaetano.CodiceTests;
				PRODUCT_NAME = "$(TARGET_NAME)";
				SWIFT_VERSION = 3.0;
			};
			name = Debug;
		};
		B35210231E1AF5DA005EA2EF /* Release */ = {
			isa = XCBuildConfiguration;
			buildSettings = {
				ALWAYS_EMBED_SWIFT_STANDARD_LIBRARIES = YES;
				COMBINE_HIDPI_IMAGES = YES;
				DEVELOPMENT_TEAM = 8Q86GGRUX8;
				INFOPLIST_FILE = Tests/Info.plist;
				LD_RUNPATH_SEARCH_PATHS = "$(inherited) @executable_path/../Frameworks @loader_path/../Frameworks";
				PRODUCT_BUNDLE_IDENTIFIER = br.com.fellipecaetano.CodiceTests;
				PRODUCT_NAME = "$(TARGET_NAME)";
				SWIFT_VERSION = 3.0;
			};
			name = Release;
		};
/* End XCBuildConfiguration section */

/* Begin XCConfigurationList section */
		B35210041E1AF5DA005EA2EF /* Build configuration list for PBXProject "Codice" */ = {
			isa = XCConfigurationList;
			buildConfigurations = (
				B352101C1E1AF5DA005EA2EF /* Debug */,
				B352101D1E1AF5DA005EA2EF /* Release */,
			);
			defaultConfigurationIsVisible = 0;
			defaultConfigurationName = Release;
		};
		B352101E1E1AF5DA005EA2EF /* Build configuration list for PBXNativeTarget "Codice" */ = {
			isa = XCConfigurationList;
			buildConfigurations = (
				B352101F1E1AF5DA005EA2EF /* Debug */,
				B35210201E1AF5DA005EA2EF /* Release */,
			);
			defaultConfigurationIsVisible = 0;
			defaultConfigurationName = Release;
		};
		B35210211E1AF5DA005EA2EF /* Build configuration list for PBXNativeTarget "CodiceTests" */ = {
			isa = XCConfigurationList;
			buildConfigurations = (
				B35210221E1AF5DA005EA2EF /* Debug */,
				B35210231E1AF5DA005EA2EF /* Release */,
			);
			defaultConfigurationIsVisible = 0;
			defaultConfigurationName = Release;
		};
/* End XCConfigurationList section */
	};
	rootObject = B35210011E1AF5DA005EA2EF /* Project object */;
}
