PODS:
  - Codice (0.1.0)
  - Nimble (4.1.0)

DEPENDENCIES:
  - Codice (from `../`)
  - Nimble

EXTERNAL SOURCES:
  Codice:
    :path: "../"

SPEC CHECKSUMS:
  Codice: f5d99acd5f737334be5405773690abae486fa62a
  Nimble: 97a0a4cae5124c117115634b2d055d8c97d0af19

PODFILE CHECKSUM: 2d33b7dd684fbafe9e314f61b2b1648ee468d576

COCOAPODS: 1.0.1
